// !$*UTF8*$!
{
	archiveVersion = 1;
	classes = {
	};
	objectVersion = 50;
	objects = {

/* Begin PBXBuildFile section */
		18657F4D2476291800263867 /* RCNativeiOSSDK.h in Headers */ = {isa = PBXBuildFile; fileRef = 18657F4B2476291800263867 /* RCNativeiOSSDK.h */; settings = {ATTRIBUTES = (Public, ); }; };
		18657F5A247629AF00263867 /* AppDelegate.swift in Sources */ = {isa = PBXBuildFile; fileRef = 18657F59247629AF00263867 /* AppDelegate.swift */; };
		18657F5E247629AF00263867 /* WidgetsViewController.swift in Sources */ = {isa = PBXBuildFile; fileRef = 18657F5D247629AF00263867 /* WidgetsViewController.swift */; };
		18657F61247629AF00263867 /* Main.storyboard in Resources */ = {isa = PBXBuildFile; fileRef = 18657F5F247629AF00263867 /* Main.storyboard */; };
		18657F63247629B200263867 /* Assets.xcassets in Resources */ = {isa = PBXBuildFile; fileRef = 18657F62247629B200263867 /* Assets.xcassets */; };
		18657F66247629B200263867 /* LaunchScreen.storyboard in Resources */ = {isa = PBXBuildFile; fileRef = 18657F64247629B200263867 /* LaunchScreen.storyboard */; };
		18657F6D24762A2200263867 /* RCNactiveJSWidgetView.swift in Sources */ = {isa = PBXBuildFile; fileRef = 18657F6B24762A2200263867 /* RCNactiveJSWidgetView.swift */; };
		18657F6E24762A2200263867 /* RCNativeiOSSDK.swift in Sources */ = {isa = PBXBuildFile; fileRef = 18657F6C24762A2200263867 /* RCNativeiOSSDK.swift */; };
		651C03702510CBB40093D6CD /* WidgetViewController.swift in Sources */ = {isa = PBXBuildFile; fileRef = 651C036F2510CBB40093D6CD /* WidgetViewController.swift */; };
		6563710425133DDF00E0AC49 /* AnotherWidgetViewController.swift in Sources */ = {isa = PBXBuildFile; fileRef = 6563710325133DDF00E0AC49 /* AnotherWidgetViewController.swift */; };
		CE0855F525BEB3F700B5900C /* RCNativeSliderBanner.swift in Sources */ = {isa = PBXBuildFile; fileRef = CE0855F425BEB3F700B5900C /* RCNativeSliderBanner.swift */; };
		CE0855FA25BEDB7B00B5900C /* RCNativeSliderBannerDelegate.swift in Sources */ = {isa = PBXBuildFile; fileRef = CE0855F925BEDB7B00B5900C /* RCNativeSliderBannerDelegate.swift */; };
		CE0855FF25BEDF3E00B5900C /* Icons.xcassets in Resources */ = {isa = PBXBuildFile; fileRef = CE0855FE25BEDF3D00B5900C /* Icons.xcassets */; };
		CE08560725BF0AA300B5900C /* UIImage+Extension.swift in Sources */ = {isa = PBXBuildFile; fileRef = CE08560625BF0AA300B5900C /* UIImage+Extension.swift */; };
		CE363434256D934500A833DF /* RCNativeiOSSDKExampleTests.swift in Sources */ = {isa = PBXBuildFile; fileRef = CE363433256D934500A833DF /* RCNativeiOSSDKExampleTests.swift */; };
		CE635718254B093000990D7E /* RCNativeJSWidgetViewDelegate.swift in Sources */ = {isa = PBXBuildFile; fileRef = CE635717254B093000990D7E /* RCNativeJSWidgetViewDelegate.swift */; };
		CE63571C254B0A6F00990D7E /* RCNativeiOSSDK.framework in Frameworks */ = {isa = PBXBuildFile; fileRef = 18657F482476291800263867 /* RCNativeiOSSDK.framework */; };
		CE63571D254B0A6F00990D7E /* RCNativeiOSSDK.framework in Embed Frameworks */ = {isa = PBXBuildFile; fileRef = 18657F482476291800263867 /* RCNativeiOSSDK.framework */; settings = {ATTRIBUTES = (CodeSignOnCopy, RemoveHeadersOnCopy, ); }; };
		CE870AFB256D32D0009E95F4 /* RCNativeiOSSDKExampleUITests.swift in Sources */ = {isa = PBXBuildFile; fileRef = CE870AFA256D32D0009E95F4 /* RCNativeiOSSDKExampleUITests.swift */; };
		CECC877325C9563B006010E4 /* BottomSlidersViewController.swift in Sources */ = {isa = PBXBuildFile; fileRef = CECC877225C9563B006010E4 /* BottomSlidersViewController.swift */; };
		CECC877825C95652006010E4 /* MenuViewController.swift in Sources */ = {isa = PBXBuildFile; fileRef = CECC877725C95652006010E4 /* MenuViewController.swift */; };
		CECC878125C956C8006010E4 /* BottomSliderViewController.swift in Sources */ = {isa = PBXBuildFile; fileRef = CECC878025C956C8006010E4 /* BottomSliderViewController.swift */; };
		CED02D72253DECD1005E4C1C /* RCNativeJSWidgetHeightHandler.swift in Sources */ = {isa = PBXBuildFile; fileRef = CED02D71253DECD1005E4C1C /* RCNativeJSWidgetHeightHandler.swift */; };
/* End PBXBuildFile section */

/* Begin PBXContainerItemProxy section */
		CE363436256D934500A833DF /* PBXContainerItemProxy */ = {
			isa = PBXContainerItemProxy;
			containerPortal = 18657F3F2476291800263867 /* Project object */;
			proxyType = 1;
			remoteGlobalIDString = 18657F56247629AF00263867;
			remoteInfo = RCNativeiOSSDKExample;
		};
		CE63571E254B0A6F00990D7E /* PBXContainerItemProxy */ = {
			isa = PBXContainerItemProxy;
			containerPortal = 18657F3F2476291800263867 /* Project object */;
			proxyType = 1;
			remoteGlobalIDString = 18657F472476291800263867;
			remoteInfo = RCNativeiOSSDK;
		};
		CE870AFD256D32D0009E95F4 /* PBXContainerItemProxy */ = {
			isa = PBXContainerItemProxy;
			containerPortal = 18657F3F2476291800263867 /* Project object */;
			proxyType = 1;
			remoteGlobalIDString = 18657F56247629AF00263867;
			remoteInfo = RCNativeiOSSDKExample;
		};
/* End PBXContainerItemProxy section */

/* Begin PBXCopyFilesBuildPhase section */
		CE635720254B0A6F00990D7E /* Embed Frameworks */ = {
			isa = PBXCopyFilesBuildPhase;
			buildActionMask = 2147483647;
			dstPath = "";
			dstSubfolderSpec = 10;
			files = (
				CE63571D254B0A6F00990D7E /* RCNativeiOSSDK.framework in Embed Frameworks */,
			);
			name = "Embed Frameworks";
			runOnlyForDeploymentPostprocessing = 0;
		};
/* End PBXCopyFilesBuildPhase section */

/* Begin PBXFileReference section */
		18657F482476291800263867 /* RCNativeiOSSDK.framework */ = {isa = PBXFileReference; explicitFileType = wrapper.framework; includeInIndex = 0; path = RCNativeiOSSDK.framework; sourceTree = BUILT_PRODUCTS_DIR; };
		18657F4B2476291800263867 /* RCNativeiOSSDK.h */ = {isa = PBXFileReference; lastKnownFileType = sourcecode.c.h; path = RCNativeiOSSDK.h; sourceTree = "<group>"; };
		18657F4C2476291800263867 /* Info.plist */ = {isa = PBXFileReference; lastKnownFileType = text.plist.xml; path = Info.plist; sourceTree = "<group>"; };
		18657F57247629AF00263867 /* RCNativeiOSSDKExample.app */ = {isa = PBXFileReference; explicitFileType = wrapper.application; includeInIndex = 0; path = RCNativeiOSSDKExample.app; sourceTree = BUILT_PRODUCTS_DIR; };
		18657F59247629AF00263867 /* AppDelegate.swift */ = {isa = PBXFileReference; lastKnownFileType = sourcecode.swift; path = AppDelegate.swift; sourceTree = "<group>"; };
		18657F5D247629AF00263867 /* WidgetsViewController.swift */ = {isa = PBXFileReference; lastKnownFileType = sourcecode.swift; path = WidgetsViewController.swift; sourceTree = "<group>"; };
		18657F60247629AF00263867 /* Base */ = {isa = PBXFileReference; lastKnownFileType = file.storyboard; name = Base; path = Base.lproj/Main.storyboard; sourceTree = "<group>"; };
		18657F62247629B200263867 /* Assets.xcassets */ = {isa = PBXFileReference; lastKnownFileType = folder.assetcatalog; path = Assets.xcassets; sourceTree = "<group>"; };
		18657F65247629B200263867 /* Base */ = {isa = PBXFileReference; lastKnownFileType = file.storyboard; name = Base; path = Base.lproj/LaunchScreen.storyboard; sourceTree = "<group>"; };
		18657F67247629B200263867 /* Info.plist */ = {isa = PBXFileReference; lastKnownFileType = text.plist.xml; path = Info.plist; sourceTree = "<group>"; };
		18657F6B24762A2200263867 /* RCNactiveJSWidgetView.swift */ = {isa = PBXFileReference; fileEncoding = 4; lastKnownFileType = sourcecode.swift; path = RCNactiveJSWidgetView.swift; sourceTree = "<group>"; };
		18657F6C24762A2200263867 /* RCNativeiOSSDK.swift */ = {isa = PBXFileReference; fileEncoding = 4; lastKnownFileType = sourcecode.swift; path = RCNativeiOSSDK.swift; sourceTree = "<group>"; };
		651C036F2510CBB40093D6CD /* WidgetViewController.swift */ = {isa = PBXFileReference; lastKnownFileType = sourcecode.swift; path = WidgetViewController.swift; sourceTree = "<group>"; };
		6563710325133DDF00E0AC49 /* AnotherWidgetViewController.swift */ = {isa = PBXFileReference; lastKnownFileType = sourcecode.swift; path = AnotherWidgetViewController.swift; sourceTree = "<group>"; };
		CE0855F425BEB3F700B5900C /* RCNativeSliderBanner.swift */ = {isa = PBXFileReference; lastKnownFileType = sourcecode.swift; path = RCNativeSliderBanner.swift; sourceTree = "<group>"; };
		CE0855F925BEDB7B00B5900C /* RCNativeSliderBannerDelegate.swift */ = {isa = PBXFileReference; lastKnownFileType = sourcecode.swift; path = RCNativeSliderBannerDelegate.swift; sourceTree = "<group>"; };
		CE0855FE25BEDF3D00B5900C /* Icons.xcassets */ = {isa = PBXFileReference; lastKnownFileType = folder.assetcatalog; path = Icons.xcassets; sourceTree = "<group>"; };
		CE08560625BF0AA300B5900C /* UIImage+Extension.swift */ = {isa = PBXFileReference; lastKnownFileType = sourcecode.swift; path = "UIImage+Extension.swift"; sourceTree = "<group>"; };
		CE363431256D934500A833DF /* RCNativeiOSSDKExampleTests.xctest */ = {isa = PBXFileReference; explicitFileType = wrapper.cfbundle; includeInIndex = 0; path = RCNativeiOSSDKExampleTests.xctest; sourceTree = BUILT_PRODUCTS_DIR; };
		CE363433256D934500A833DF /* RCNativeiOSSDKExampleTests.swift */ = {isa = PBXFileReference; lastKnownFileType = sourcecode.swift; path = RCNativeiOSSDKExampleTests.swift; sourceTree = "<group>"; };
		CE363435256D934500A833DF /* Info.plist */ = {isa = PBXFileReference; lastKnownFileType = text.plist.xml; path = Info.plist; sourceTree = "<group>"; };
		CE635717254B093000990D7E /* RCNativeJSWidgetViewDelegate.swift */ = {isa = PBXFileReference; lastKnownFileType = sourcecode.swift; path = RCNativeJSWidgetViewDelegate.swift; sourceTree = "<group>"; };
		CE870AF8256D32D0009E95F4 /* RCNativeiOSSDKExampleUITests.xctest */ = {isa = PBXFileReference; explicitFileType = wrapper.cfbundle; includeInIndex = 0; path = RCNativeiOSSDKExampleUITests.xctest; sourceTree = BUILT_PRODUCTS_DIR; };
		CE870AFA256D32D0009E95F4 /* RCNativeiOSSDKExampleUITests.swift */ = {isa = PBXFileReference; lastKnownFileType = sourcecode.swift; path = RCNativeiOSSDKExampleUITests.swift; sourceTree = "<group>"; };
		CE870AFC256D32D0009E95F4 /* Info.plist */ = {isa = PBXFileReference; lastKnownFileType = text.plist.xml; path = Info.plist; sourceTree = "<group>"; };
		CECC877225C9563B006010E4 /* BottomSlidersViewController.swift */ = {isa = PBXFileReference; lastKnownFileType = sourcecode.swift; path = BottomSlidersViewController.swift; sourceTree = "<group>"; };
		CECC877725C95652006010E4 /* MenuViewController.swift */ = {isa = PBXFileReference; lastKnownFileType = sourcecode.swift; path = MenuViewController.swift; sourceTree = "<group>"; };
		CECC878025C956C8006010E4 /* BottomSliderViewController.swift */ = {isa = PBXFileReference; lastKnownFileType = sourcecode.swift; path = BottomSliderViewController.swift; sourceTree = "<group>"; };
		CED02D71253DECD1005E4C1C /* RCNativeJSWidgetHeightHandler.swift */ = {isa = PBXFileReference; fileEncoding = 4; lastKnownFileType = sourcecode.swift; path = RCNativeJSWidgetHeightHandler.swift; sourceTree = "<group>"; };
/* End PBXFileReference section */

/* Begin PBXFrameworksBuildPhase section */
		18657F452476291800263867 /* Frameworks */ = {
			isa = PBXFrameworksBuildPhase;
			buildActionMask = 2147483647;
			files = (
			);
			runOnlyForDeploymentPostprocessing = 0;
		};
		18657F54247629AF00263867 /* Frameworks */ = {
			isa = PBXFrameworksBuildPhase;
			buildActionMask = 2147483647;
			files = (
				CE63571C254B0A6F00990D7E /* RCNativeiOSSDK.framework in Frameworks */,
			);
			runOnlyForDeploymentPostprocessing = 0;
		};
		CE36342E256D934500A833DF /* Frameworks */ = {
			isa = PBXFrameworksBuildPhase;
			buildActionMask = 2147483647;
			files = (
			);
			runOnlyForDeploymentPostprocessing = 0;
		};
		CE870AF5256D32D0009E95F4 /* Frameworks */ = {
			isa = PBXFrameworksBuildPhase;
			buildActionMask = 2147483647;
			files = (
			);
			runOnlyForDeploymentPostprocessing = 0;
		};
/* End PBXFrameworksBuildPhase section */

/* Begin PBXGroup section */
		18657F3E2476291800263867 = {
			isa = PBXGroup;
			children = (
				18657F4A2476291800263867 /* RCNativeiOSSDK */,
				18657F58247629AF00263867 /* RCNativeiOSSDKExample */,
				CE870AF9256D32D0009E95F4 /* RCNativeiOSSDKExampleUITests */,
				CE363432256D934500A833DF /* RCNativeiOSSDKExampleTests */,
				18657F492476291800263867 /* Products */,
				CE4BBC14253F5AD30058867A /* Frameworks */,
			);
			sourceTree = "<group>";
		};
		18657F492476291800263867 /* Products */ = {
			isa = PBXGroup;
			children = (
				18657F482476291800263867 /* RCNativeiOSSDK.framework */,
				18657F57247629AF00263867 /* RCNativeiOSSDKExample.app */,
				CE870AF8256D32D0009E95F4 /* RCNativeiOSSDKExampleUITests.xctest */,
				CE363431256D934500A833DF /* RCNativeiOSSDKExampleTests.xctest */,
			);
			name = Products;
			sourceTree = "<group>";
		};
		18657F4A2476291800263867 /* RCNativeiOSSDK */ = {
			isa = PBXGroup;
			children = (
				18657F6B24762A2200263867 /* RCNactiveJSWidgetView.swift */,
				18657F6C24762A2200263867 /* RCNativeiOSSDK.swift */,
				18657F4B2476291800263867 /* RCNativeiOSSDK.h */,
				18657F4C2476291800263867 /* Info.plist */,
				CED02D71253DECD1005E4C1C /* RCNativeJSWidgetHeightHandler.swift */,
				CE635717254B093000990D7E /* RCNativeJSWidgetViewDelegate.swift */,
				CE0855F425BEB3F700B5900C /* RCNativeSliderBanner.swift */,
				CE0855F925BEDB7B00B5900C /* RCNativeSliderBannerDelegate.swift */,
				CE0855FE25BEDF3D00B5900C /* Icons.xcassets */,
				CE08560625BF0AA300B5900C /* UIImage+Extension.swift */,
			);
			path = RCNativeiOSSDK;
			sourceTree = "<group>";
		};
		18657F58247629AF00263867 /* RCNativeiOSSDKExample */ = {
			isa = PBXGroup;
			children = (
				18657F59247629AF00263867 /* AppDelegate.swift */,
				CECC877725C95652006010E4 /* MenuViewController.swift */,
				CECC878525C956D0006010E4 /* BottomSlider */,
				CECC877C25C956AA006010E4 /* Widgets */,
				18657F5F247629AF00263867 /* Main.storyboard */,
				18657F62247629B200263867 /* Assets.xcassets */,
				18657F64247629B200263867 /* LaunchScreen.storyboard */,
				18657F67247629B200263867 /* Info.plist */,
			);
			path = RCNativeiOSSDKExample;
			sourceTree = "<group>";
		};
		CE363432256D934500A833DF /* RCNativeiOSSDKExampleTests */ = {
			isa = PBXGroup;
			children = (
				CE363433256D934500A833DF /* RCNativeiOSSDKExampleTests.swift */,
				CE363435256D934500A833DF /* Info.plist */,
			);
			path = RCNativeiOSSDKExampleTests;
			sourceTree = "<group>";
		};
		CE4BBC14253F5AD30058867A /* Frameworks */ = {
			isa = PBXGroup;
			children = (
			);
			name = Frameworks;
			sourceTree = "<group>";
		};
		CE870AF9256D32D0009E95F4 /* RCNativeiOSSDKExampleUITests */ = {
			isa = PBXGroup;
			children = (
				CE870AFA256D32D0009E95F4 /* RCNativeiOSSDKExampleUITests.swift */,
				CE870AFC256D32D0009E95F4 /* Info.plist */,
			);
			path = RCNativeiOSSDKExampleUITests;
			sourceTree = "<group>";
		};
		CECC877C25C956AA006010E4 /* Widgets */ = {
			isa = PBXGroup;
			children = (
				18657F5D247629AF00263867 /* WidgetsViewController.swift */,
				651C036F2510CBB40093D6CD /* WidgetViewController.swift */,
				6563710325133DDF00E0AC49 /* AnotherWidgetViewController.swift */,
			);
			path = Widgets;
			sourceTree = "<group>";
		};
		CECC878525C956D0006010E4 /* BottomSlider */ = {
			isa = PBXGroup;
			children = (
				CECC877225C9563B006010E4 /* BottomSlidersViewController.swift */,
				CECC878025C956C8006010E4 /* BottomSliderViewController.swift */,
			);
			path = BottomSlider;
			sourceTree = "<group>";
		};
/* End PBXGroup section */

/* Begin PBXHeadersBuildPhase section */
		18657F432476291800263867 /* Headers */ = {
			isa = PBXHeadersBuildPhase;
			buildActionMask = 2147483647;
			files = (
				18657F4D2476291800263867 /* RCNativeiOSSDK.h in Headers */,
			);
			runOnlyForDeploymentPostprocessing = 0;
		};
/* End PBXHeadersBuildPhase section */

/* Begin PBXNativeTarget section */
		18657F472476291800263867 /* RCNativeiOSSDK */ = {
			isa = PBXNativeTarget;
			buildConfigurationList = 18657F502476291800263867 /* Build configuration list for PBXNativeTarget "RCNativeiOSSDK" */;
			buildPhases = (
				18657F432476291800263867 /* Headers */,
				18657F442476291800263867 /* Sources */,
				18657F452476291800263867 /* Frameworks */,
				18657F462476291800263867 /* Resources */,
			);
			buildRules = (
			);
			dependencies = (
			);
			name = RCNativeiOSSDK;
			productName = RCNativeiOSSDK;
			productReference = 18657F482476291800263867 /* RCNativeiOSSDK.framework */;
			productType = "com.apple.product-type.framework";
		};
		18657F56247629AF00263867 /* RCNativeiOSSDKExample */ = {
			isa = PBXNativeTarget;
			buildConfigurationList = 18657F68247629B200263867 /* Build configuration list for PBXNativeTarget "RCNativeiOSSDKExample" */;
			buildPhases = (
				18657F53247629AF00263867 /* Sources */,
				18657F54247629AF00263867 /* Frameworks */,
				18657F55247629AF00263867 /* Resources */,
				CE635720254B0A6F00990D7E /* Embed Frameworks */,
			);
			buildRules = (
			);
			dependencies = (
				CE63571F254B0A6F00990D7E /* PBXTargetDependency */,
			);
			name = RCNativeiOSSDKExample;
			productName = RCNativeiOSSDKExample;
			productReference = 18657F57247629AF00263867 /* RCNativeiOSSDKExample.app */;
			productType = "com.apple.product-type.application";
		};
		CE363430256D934500A833DF /* RCNativeiOSSDKExampleTests */ = {
			isa = PBXNativeTarget;
			buildConfigurationList = CE363438256D934500A833DF /* Build configuration list for PBXNativeTarget "RCNativeiOSSDKExampleTests" */;
			buildPhases = (
				CE36342D256D934500A833DF /* Sources */,
				CE36342E256D934500A833DF /* Frameworks */,
				CE36342F256D934500A833DF /* Resources */,
			);
			buildRules = (
			);
			dependencies = (
				CE363437256D934500A833DF /* PBXTargetDependency */,
			);
			name = RCNativeiOSSDKExampleTests;
			productName = RCNativeiOSSDKExampleTests;
			productReference = CE363431256D934500A833DF /* RCNativeiOSSDKExampleTests.xctest */;
			productType = "com.apple.product-type.bundle.unit-test";
		};
		CE870AF7256D32D0009E95F4 /* RCNativeiOSSDKExampleUITests */ = {
			isa = PBXNativeTarget;
			buildConfigurationList = CE870B01256D32D0009E95F4 /* Build configuration list for PBXNativeTarget "RCNativeiOSSDKExampleUITests" */;
			buildPhases = (
				CE870AF4256D32D0009E95F4 /* Sources */,
				CE870AF5256D32D0009E95F4 /* Frameworks */,
				CE870AF6256D32D0009E95F4 /* Resources */,
			);
			buildRules = (
			);
			dependencies = (
				CE870AFE256D32D0009E95F4 /* PBXTargetDependency */,
			);
			name = RCNativeiOSSDKExampleUITests;
			productName = RCNativeiOSSDKExampleUITests;
			productReference = CE870AF8256D32D0009E95F4 /* RCNativeiOSSDKExampleUITests.xctest */;
			productType = "com.apple.product-type.bundle.ui-testing";
		};
/* End PBXNativeTarget section */

/* Begin PBXProject section */
		18657F3F2476291800263867 /* Project object */ = {
			isa = PBXProject;
			attributes = {
				LastSwiftUpdateCheck = 1220;
				LastUpgradeCheck = 1140;
				ORGANIZATIONNAME = Revcontent;
				TargetAttributes = {
					18657F472476291800263867 = {
						CreatedOnToolsVersion = 11.4.1;
						LastSwiftMigration = 1140;
					};
					18657F56247629AF00263867 = {
						CreatedOnToolsVersion = 11.4.1;
					};
					CE363430256D934500A833DF = {
						CreatedOnToolsVersion = 12.2;
						TestTargetID = 18657F56247629AF00263867;
					};
					CE870AF7256D32D0009E95F4 = {
						CreatedOnToolsVersion = 12.2;
						TestTargetID = 18657F56247629AF00263867;
					};
				};
			};
			buildConfigurationList = 18657F422476291800263867 /* Build configuration list for PBXProject "RCNativeiOSSDK" */;
			compatibilityVersion = "Xcode 9.3";
			developmentRegion = en;
			hasScannedForEncodings = 0;
			knownRegions = (
				en,
				Base,
			);
			mainGroup = 18657F3E2476291800263867;
			productRefGroup = 18657F492476291800263867 /* Products */;
			projectDirPath = "";
			projectRoot = "";
			targets = (
				18657F472476291800263867 /* RCNativeiOSSDK */,
				18657F56247629AF00263867 /* RCNativeiOSSDKExample */,
				CE870AF7256D32D0009E95F4 /* RCNativeiOSSDKExampleUITests */,
				CE363430256D934500A833DF /* RCNativeiOSSDKExampleTests */,
			);
		};
/* End PBXProject section */

/* Begin PBXResourcesBuildPhase section */
		18657F462476291800263867 /* Resources */ = {
			isa = PBXResourcesBuildPhase;
			buildActionMask = 2147483647;
			files = (
				CE0855FF25BEDF3E00B5900C /* Icons.xcassets in Resources */,
			);
			runOnlyForDeploymentPostprocessing = 0;
		};
		18657F55247629AF00263867 /* Resources */ = {
			isa = PBXResourcesBuildPhase;
			buildActionMask = 2147483647;
			files = (
				18657F66247629B200263867 /* LaunchScreen.storyboard in Resources */,
				18657F63247629B200263867 /* Assets.xcassets in Resources */,
				18657F61247629AF00263867 /* Main.storyboard in Resources */,
			);
			runOnlyForDeploymentPostprocessing = 0;
		};
		CE36342F256D934500A833DF /* Resources */ = {
			isa = PBXResourcesBuildPhase;
			buildActionMask = 2147483647;
			files = (
			);
			runOnlyForDeploymentPostprocessing = 0;
		};
		CE870AF6256D32D0009E95F4 /* Resources */ = {
			isa = PBXResourcesBuildPhase;
			buildActionMask = 2147483647;
			files = (
			);
			runOnlyForDeploymentPostprocessing = 0;
		};
/* End PBXResourcesBuildPhase section */

/* Begin PBXSourcesBuildPhase section */
		18657F442476291800263867 /* Sources */ = {
			isa = PBXSourcesBuildPhase;
			buildActionMask = 2147483647;
			files = (
				CE635718254B093000990D7E /* RCNativeJSWidgetViewDelegate.swift in Sources */,
				CE08560725BF0AA300B5900C /* UIImage+Extension.swift in Sources */,
				CE0855FA25BEDB7B00B5900C /* RCNativeSliderBannerDelegate.swift in Sources */,
				CED02D72253DECD1005E4C1C /* RCNativeJSWidgetHeightHandler.swift in Sources */,
				18657F6E24762A2200263867 /* RCNativeiOSSDK.swift in Sources */,
				CE0855F525BEB3F700B5900C /* RCNativeSliderBanner.swift in Sources */,
				18657F6D24762A2200263867 /* RCNactiveJSWidgetView.swift in Sources */,
			);
			runOnlyForDeploymentPostprocessing = 0;
		};
		18657F53247629AF00263867 /* Sources */ = {
			isa = PBXSourcesBuildPhase;
			buildActionMask = 2147483647;
			files = (
				CECC878125C956C8006010E4 /* BottomSliderViewController.swift in Sources */,
				6563710425133DDF00E0AC49 /* AnotherWidgetViewController.swift in Sources */,
				CECC877825C95652006010E4 /* MenuViewController.swift in Sources */,
				18657F5E247629AF00263867 /* WidgetsViewController.swift in Sources */,
				651C03702510CBB40093D6CD /* WidgetViewController.swift in Sources */,
				CECC877325C9563B006010E4 /* BottomSlidersViewController.swift in Sources */,
				18657F5A247629AF00263867 /* AppDelegate.swift in Sources */,
			);
			runOnlyForDeploymentPostprocessing = 0;
		};
		CE36342D256D934500A833DF /* Sources */ = {
			isa = PBXSourcesBuildPhase;
			buildActionMask = 2147483647;
			files = (
				CE363434256D934500A833DF /* RCNativeiOSSDKExampleTests.swift in Sources */,
			);
			runOnlyForDeploymentPostprocessing = 0;
		};
		CE870AF4256D32D0009E95F4 /* Sources */ = {
			isa = PBXSourcesBuildPhase;
			buildActionMask = 2147483647;
			files = (
				CE870AFB256D32D0009E95F4 /* RCNativeiOSSDKExampleUITests.swift in Sources */,
			);
			runOnlyForDeploymentPostprocessing = 0;
		};
/* End PBXSourcesBuildPhase section */

/* Begin PBXTargetDependency section */
		CE363437256D934500A833DF /* PBXTargetDependency */ = {
			isa = PBXTargetDependency;
			target = 18657F56247629AF00263867 /* RCNativeiOSSDKExample */;
			targetProxy = CE363436256D934500A833DF /* PBXContainerItemProxy */;
		};
		CE63571F254B0A6F00990D7E /* PBXTargetDependency */ = {
			isa = PBXTargetDependency;
			target = 18657F472476291800263867 /* RCNativeiOSSDK */;
			targetProxy = CE63571E254B0A6F00990D7E /* PBXContainerItemProxy */;
		};
		CE870AFE256D32D0009E95F4 /* PBXTargetDependency */ = {
			isa = PBXTargetDependency;
			target = 18657F56247629AF00263867 /* RCNativeiOSSDKExample */;
			targetProxy = CE870AFD256D32D0009E95F4 /* PBXContainerItemProxy */;
		};
/* End PBXTargetDependency section */

/* Begin PBXVariantGroup section */
		18657F5F247629AF00263867 /* Main.storyboard */ = {
			isa = PBXVariantGroup;
			children = (
				18657F60247629AF00263867 /* Base */,
			);
			name = Main.storyboard;
			sourceTree = "<group>";
		};
		18657F64247629B200263867 /* LaunchScreen.storyboard */ = {
			isa = PBXVariantGroup;
			children = (
				18657F65247629B200263867 /* Base */,
			);
			name = LaunchScreen.storyboard;
			sourceTree = "<group>";
		};
/* End PBXVariantGroup section */

/* Begin XCBuildConfiguration section */
		18657F4E2476291800263867 /* Debug */ = {
			isa = XCBuildConfiguration;
			buildSettings = {
				ALWAYS_SEARCH_USER_PATHS = NO;
				CLANG_ANALYZER_NONNULL = YES;
				CLANG_ANALYZER_NUMBER_OBJECT_CONVERSION = YES_AGGRESSIVE;
				CLANG_CXX_LANGUAGE_STANDARD = "gnu++14";
				CLANG_CXX_LIBRARY = "libc++";
				CLANG_ENABLE_MODULES = YES;
				CLANG_ENABLE_OBJC_ARC = YES;
				CLANG_ENABLE_OBJC_WEAK = YES;
				CLANG_WARN_BLOCK_CAPTURE_AUTORELEASING = YES;
				CLANG_WARN_BOOL_CONVERSION = YES;
				CLANG_WARN_COMMA = YES;
				CLANG_WARN_CONSTANT_CONVERSION = YES;
				CLANG_WARN_DEPRECATED_OBJC_IMPLEMENTATIONS = YES;
				CLANG_WARN_DIRECT_OBJC_ISA_USAGE = YES_ERROR;
				CLANG_WARN_DOCUMENTATION_COMMENTS = YES;
				CLANG_WARN_EMPTY_BODY = YES;
				CLANG_WARN_ENUM_CONVERSION = YES;
				CLANG_WARN_INFINITE_RECURSION = YES;
				CLANG_WARN_INT_CONVERSION = YES;
				CLANG_WARN_NON_LITERAL_NULL_CONVERSION = YES;
				CLANG_WARN_OBJC_IMPLICIT_RETAIN_SELF = YES;
				CLANG_WARN_OBJC_LITERAL_CONVERSION = YES;
				CLANG_WARN_OBJC_ROOT_CLASS = YES_ERROR;
				CLANG_WARN_RANGE_LOOP_ANALYSIS = YES;
				CLANG_WARN_STRICT_PROTOTYPES = YES;
				CLANG_WARN_SUSPICIOUS_MOVE = YES;
				CLANG_WARN_UNGUARDED_AVAILABILITY = YES_AGGRESSIVE;
				CLANG_WARN_UNREACHABLE_CODE = YES;
				CLANG_WARN__DUPLICATE_METHOD_MATCH = YES;
				COPY_PHASE_STRIP = NO;
				CURRENT_PROJECT_VERSION = 1;
				DEBUG_INFORMATION_FORMAT = dwarf;
				ENABLE_STRICT_OBJC_MSGSEND = YES;
				ENABLE_TESTABILITY = YES;
				GCC_C_LANGUAGE_STANDARD = gnu11;
				GCC_DYNAMIC_NO_PIC = NO;
				GCC_NO_COMMON_BLOCKS = YES;
				GCC_OPTIMIZATION_LEVEL = 0;
				GCC_PREPROCESSOR_DEFINITIONS = (
					"DEBUG=1",
					"$(inherited)",
				);
				GCC_WARN_64_TO_32_BIT_CONVERSION = YES;
				GCC_WARN_ABOUT_RETURN_TYPE = YES_ERROR;
				GCC_WARN_UNDECLARED_SELECTOR = YES;
				GCC_WARN_UNINITIALIZED_AUTOS = YES_AGGRESSIVE;
				GCC_WARN_UNUSED_FUNCTION = YES;
				GCC_WARN_UNUSED_VARIABLE = YES;
				IPHONEOS_DEPLOYMENT_TARGET = 13.4;
				MTL_ENABLE_DEBUG_INFO = INCLUDE_SOURCE;
				MTL_FAST_MATH = YES;
				ONLY_ACTIVE_ARCH = YES;
				SDKROOT = iphoneos;
				SWIFT_ACTIVE_COMPILATION_CONDITIONS = DEBUG;
				SWIFT_OPTIMIZATION_LEVEL = "-Onone";
				VERSIONING_SYSTEM = "apple-generic";
				VERSION_INFO_PREFIX = "";
			};
			name = Debug;
		};
		18657F4F2476291800263867 /* Release */ = {
			isa = XCBuildConfiguration;
			buildSettings = {
				ALWAYS_SEARCH_USER_PATHS = NO;
				CLANG_ANALYZER_NONNULL = YES;
				CLANG_ANALYZER_NUMBER_OBJECT_CONVERSION = YES_AGGRESSIVE;
				CLANG_CXX_LANGUAGE_STANDARD = "gnu++14";
				CLANG_CXX_LIBRARY = "libc++";
				CLANG_ENABLE_MODULES = YES;
				CLANG_ENABLE_OBJC_ARC = YES;
				CLANG_ENABLE_OBJC_WEAK = YES;
				CLANG_WARN_BLOCK_CAPTURE_AUTORELEASING = YES;
				CLANG_WARN_BOOL_CONVERSION = YES;
				CLANG_WARN_COMMA = YES;
				CLANG_WARN_CONSTANT_CONVERSION = YES;
				CLANG_WARN_DEPRECATED_OBJC_IMPLEMENTATIONS = YES;
				CLANG_WARN_DIRECT_OBJC_ISA_USAGE = YES_ERROR;
				CLANG_WARN_DOCUMENTATION_COMMENTS = YES;
				CLANG_WARN_EMPTY_BODY = YES;
				CLANG_WARN_ENUM_CONVERSION = YES;
				CLANG_WARN_INFINITE_RECURSION = YES;
				CLANG_WARN_INT_CONVERSION = YES;
				CLANG_WARN_NON_LITERAL_NULL_CONVERSION = YES;
				CLANG_WARN_OBJC_IMPLICIT_RETAIN_SELF = YES;
				CLANG_WARN_OBJC_LITERAL_CONVERSION = YES;
				CLANG_WARN_OBJC_ROOT_CLASS = YES_ERROR;
				CLANG_WARN_RANGE_LOOP_ANALYSIS = YES;
				CLANG_WARN_STRICT_PROTOTYPES = YES;
				CLANG_WARN_SUSPICIOUS_MOVE = YES;
				CLANG_WARN_UNGUARDED_AVAILABILITY = YES_AGGRESSIVE;
				CLANG_WARN_UNREACHABLE_CODE = YES;
				CLANG_WARN__DUPLICATE_METHOD_MATCH = YES;
				COPY_PHASE_STRIP = NO;
				CURRENT_PROJECT_VERSION = 1;
				DEBUG_INFORMATION_FORMAT = "dwarf-with-dsym";
				ENABLE_NS_ASSERTIONS = NO;
				ENABLE_STRICT_OBJC_MSGSEND = YES;
				GCC_C_LANGUAGE_STANDARD = gnu11;
				GCC_NO_COMMON_BLOCKS = YES;
				GCC_WARN_64_TO_32_BIT_CONVERSION = YES;
				GCC_WARN_ABOUT_RETURN_TYPE = YES_ERROR;
				GCC_WARN_UNDECLARED_SELECTOR = YES;
				GCC_WARN_UNINITIALIZED_AUTOS = YES_AGGRESSIVE;
				GCC_WARN_UNUSED_FUNCTION = YES;
				GCC_WARN_UNUSED_VARIABLE = YES;
				IPHONEOS_DEPLOYMENT_TARGET = 13.4;
				MTL_ENABLE_DEBUG_INFO = NO;
				MTL_FAST_MATH = YES;
				SDKROOT = iphoneos;
				SWIFT_COMPILATION_MODE = wholemodule;
				SWIFT_OPTIMIZATION_LEVEL = "-O";
				VALIDATE_PRODUCT = YES;
				VERSIONING_SYSTEM = "apple-generic";
				VERSION_INFO_PREFIX = "";
			};
			name = Release;
		};
		18657F512476291800263867 /* Debug */ = {
			isa = XCBuildConfiguration;
			buildSettings = {
				CLANG_ENABLE_MODULES = YES;
				CODE_SIGN_IDENTITY = "Apple Development";
				CODE_SIGN_STYLE = Automatic;
				DEFINES_MODULE = YES;
				DEVELOPMENT_TEAM = 282L6YEX2R;
				DYLIB_COMPATIBILITY_VERSION = 1;
				DYLIB_CURRENT_VERSION = 1;
				DYLIB_INSTALL_NAME_BASE = "@rpath";
				INFOPLIST_FILE = RCNativeiOSSDK/Info.plist;
				INSTALL_PATH = "$(LOCAL_LIBRARY_DIR)/Frameworks";
				IPHONEOS_DEPLOYMENT_TARGET = 11.0;
				LD_RUNPATH_SEARCH_PATHS = (
					"$(inherited)",
					"@executable_path/Frameworks",
					"@loader_path/Frameworks",
				);
				PRODUCT_BUNDLE_IDENTIFIER = Revcontent.RCNativeiOSSDK;
				PRODUCT_NAME = "$(TARGET_NAME:c99extidentifier)";
				SKIP_INSTALL = YES;
				SWIFT_OPTIMIZATION_LEVEL = "-Onone";
				SWIFT_VERSION = 5.0;
				TARGETED_DEVICE_FAMILY = "1,2";
			};
			name = Debug;
		};
		18657F522476291800263867 /* Release */ = {
			isa = XCBuildConfiguration;
			buildSettings = {
				CLANG_ENABLE_MODULES = YES;
				CODE_SIGN_IDENTITY = "Apple Development";
				CODE_SIGN_STYLE = Automatic;
				DEFINES_MODULE = YES;
				DEVELOPMENT_TEAM = 282L6YEX2R;
				DYLIB_COMPATIBILITY_VERSION = 1;
				DYLIB_CURRENT_VERSION = 1;
				DYLIB_INSTALL_NAME_BASE = "@rpath";
				INFOPLIST_FILE = RCNativeiOSSDK/Info.plist;
				INSTALL_PATH = "$(LOCAL_LIBRARY_DIR)/Frameworks";
				IPHONEOS_DEPLOYMENT_TARGET = 11.0;
				LD_RUNPATH_SEARCH_PATHS = (
					"$(inherited)",
					"@executable_path/Frameworks",
					"@loader_path/Frameworks",
				);
				PRODUCT_BUNDLE_IDENTIFIER = Revcontent.RCNativeiOSSDK;
				PRODUCT_NAME = "$(TARGET_NAME:c99extidentifier)";
				SKIP_INSTALL = YES;
				SWIFT_VERSION = 5.0;
				TARGETED_DEVICE_FAMILY = "1,2";
			};
			name = Release;
		};
		18657F69247629B200263867 /* Debug */ = {
			isa = XCBuildConfiguration;
			buildSettings = {
				ASSETCATALOG_COMPILER_APPICON_NAME = AppIcon;
				CODE_SIGN_STYLE = Automatic;
				DEVELOPMENT_TEAM = 282L6YEX2R;
				INFOPLIST_FILE = RCNativeiOSSDKExample/Info.plist;
				IPHONEOS_DEPLOYMENT_TARGET = 13.0;
				LD_RUNPATH_SEARCH_PATHS = (
					"$(inherited)",
					"@executable_path/Frameworks",
				);
				PRODUCT_BUNDLE_IDENTIFIER = Revcontent.RCNativeiOSSDKExample;
				PRODUCT_NAME = "$(TARGET_NAME)";
				SWIFT_VERSION = 5.0;
				TARGETED_DEVICE_FAMILY = "1,2";
			};
			name = Debug;
		};
		18657F6A247629B200263867 /* Release */ = {
			isa = XCBuildConfiguration;
			buildSettings = {
				ASSETCATALOG_COMPILER_APPICON_NAME = AppIcon;
				CODE_SIGN_STYLE = Automatic;
				DEVELOPMENT_TEAM = 282L6YEX2R;
				INFOPLIST_FILE = RCNativeiOSSDKExample/Info.plist;
				IPHONEOS_DEPLOYMENT_TARGET = 13.0;
				LD_RUNPATH_SEARCH_PATHS = (
					"$(inherited)",
					"@executable_path/Frameworks",
				);
				PRODUCT_BUNDLE_IDENTIFIER = Revcontent.RCNativeiOSSDKExample;
				PRODUCT_NAME = "$(TARGET_NAME)";
				SWIFT_VERSION = 5.0;
				TARGETED_DEVICE_FAMILY = "1,2";
			};
			name = Release;
		};
		CE363439256D934500A833DF /* Debug */ = {
			isa = XCBuildConfiguration;
			buildSettings = {
				BUNDLE_LOADER = "$(TEST_HOST)";
				CLANG_WARN_QUOTED_INCLUDE_IN_FRAMEWORK_HEADER = YES;
				"CODE_SIGN_IDENTITY[sdk=macosx*]" = "-";
				CODE_SIGN_STYLE = Automatic;
				DEVELOPMENT_TEAM = 9H27THJ39Y;
				INFOPLIST_FILE = RCNativeiOSSDKExampleTests/Info.plist;
				IPHONEOS_DEPLOYMENT_TARGET = 13.0;
				LD_RUNPATH_SEARCH_PATHS = (
					"$(inherited)",
					"@executable_path/Frameworks",
					"@loader_path/Frameworks",
				);
				PRODUCT_BUNDLE_IDENTIFIER = w.RCNativeiOSSDKExampleTests;
				PRODUCT_NAME = "$(TARGET_NAME)";
				SWIFT_VERSION = 5.0;
				TARGETED_DEVICE_FAMILY = "1,2";
				TEST_HOST = "$(BUILT_PRODUCTS_DIR)/RCNativeiOSSDKExample.app/RCNativeiOSSDKExample";
			};
			name = Debug;
		};
		CE36343A256D934500A833DF /* Release */ = {
			isa = XCBuildConfiguration;
			buildSettings = {
				BUNDLE_LOADER = "$(TEST_HOST)";
				CLANG_WARN_QUOTED_INCLUDE_IN_FRAMEWORK_HEADER = YES;
				"CODE_SIGN_IDENTITY[sdk=macosx*]" = "-";
				CODE_SIGN_STYLE = Automatic;
				DEVELOPMENT_TEAM = 282L6YEX2R;
				INFOPLIST_FILE = RCNativeiOSSDKExampleTests/Info.plist;
				IPHONEOS_DEPLOYMENT_TARGET = 13.0;
				LD_RUNPATH_SEARCH_PATHS = (
					"$(inherited)",
					"@executable_path/Frameworks",
					"@loader_path/Frameworks",
				);
				PRODUCT_BUNDLE_IDENTIFIER = w.RCNativeiOSSDKExampleTests;
				PRODUCT_NAME = "$(TARGET_NAME)";
				SWIFT_VERSION = 5.0;
				TARGETED_DEVICE_FAMILY = "1,2";
				TEST_HOST = "$(BUILT_PRODUCTS_DIR)/RCNativeiOSSDKExample.app/RCNativeiOSSDKExample";
			};
			name = Release;
		};
		CE870AFF256D32D0009E95F4 /* Debug */ = {
			isa = XCBuildConfiguration;
			buildSettings = {
				CLANG_WARN_QUOTED_INCLUDE_IN_FRAMEWORK_HEADER = YES;
				"CODE_SIGN_IDENTITY[sdk=macosx*]" = "-";
				CODE_SIGN_STYLE = Automatic;
				DEVELOPMENT_TEAM = 9H27THJ39Y;
				INFOPLIST_FILE = RCNativeiOSSDKExampleUITests/Info.plist;
				IPHONEOS_DEPLOYMENT_TARGET = 13.0;
				LD_RUNPATH_SEARCH_PATHS = (
					"$(inherited)",
					"@executable_path/Frameworks",
					"@loader_path/Frameworks",
				);
				PRODUCT_BUNDLE_IDENTIFIER = w.RCNativeiOSSDKExampleUITests;
				PRODUCT_NAME = "$(TARGET_NAME)";
				SWIFT_VERSION = 5.0;
				TARGETED_DEVICE_FAMILY = "1,2";
				TEST_TARGET_NAME = RCNativeiOSSDKExample;
			};
			name = Debug;
		};
		CE870B00256D32D0009E95F4 /* Release */ = {
			isa = XCBuildConfiguration;
			buildSettings = {
				CLANG_WARN_QUOTED_INCLUDE_IN_FRAMEWORK_HEADER = YES;
				"CODE_SIGN_IDENTITY[sdk=macosx*]" = "-";
				CODE_SIGN_STYLE = Automatic;
				DEVELOPMENT_TEAM = 282L6YEX2R;
				INFOPLIST_FILE = RCNativeiOSSDKExampleUITests/Info.plist;
				IPHONEOS_DEPLOYMENT_TARGET = 13.0;
				LD_RUNPATH_SEARCH_PATHS = (
					"$(inherited)",
					"@executable_path/Frameworks",
					"@loader_path/Frameworks",
				);
				PRODUCT_BUNDLE_IDENTIFIER = w.RCNativeiOSSDKExampleUITests;
				PRODUCT_NAME = "$(TARGET_NAME)";
				SWIFT_VERSION = 5.0;
				TARGETED_DEVICE_FAMILY = "1,2";
				TEST_TARGET_NAME = RCNativeiOSSDKExample;
			};
			name = Release;
		};
/* End XCBuildConfiguration section */

/* Begin XCConfigurationList section */
		18657F422476291800263867 /* Build configuration list for PBXProject "RCNativeiOSSDK" */ = {
			isa = XCConfigurationList;
			buildConfigurations = (
				18657F4E2476291800263867 /* Debug */,
				18657F4F2476291800263867 /* Release */,
			);
			defaultConfigurationIsVisible = 0;
			defaultConfigurationName = Release;
		};
		18657F502476291800263867 /* Build configuration list for PBXNativeTarget "RCNativeiOSSDK" */ = {
			isa = XCConfigurationList;
			buildConfigurations = (
				18657F512476291800263867 /* Debug */,
				18657F522476291800263867 /* Release */,
			);
			defaultConfigurationIsVisible = 0;
			defaultConfigurationName = Release;
		};
		18657F68247629B200263867 /* Build configuration list for PBXNativeTarget "RCNativeiOSSDKExample" */ = {
			isa = XCConfigurationList;
			buildConfigurations = (
				18657F69247629B200263867 /* Debug */,
				18657F6A247629B200263867 /* Release */,
			);
			defaultConfigurationIsVisible = 0;
			defaultConfigurationName = Release;
		};
		CE363438256D934500A833DF /* Build configuration list for PBXNativeTarget "RCNativeiOSSDKExampleTests" */ = {
			isa = XCConfigurationList;
			buildConfigurations = (
				CE363439256D934500A833DF /* Debug */,
				CE36343A256D934500A833DF /* Release */,
			);
			defaultConfigurationIsVisible = 0;
			defaultConfigurationName = Release;
		};
		CE870B01256D32D0009E95F4 /* Build configuration list for PBXNativeTarget "RCNativeiOSSDKExampleUITests" */ = {
			isa = XCConfigurationList;
			buildConfigurations = (
				CE870AFF256D32D0009E95F4 /* Debug */,
				CE870B00256D32D0009E95F4 /* Release */,
			);
			defaultConfigurationIsVisible = 0;
			defaultConfigurationName = Release;
		};
/* End XCConfigurationList section */
	};
	rootObject = 18657F3F2476291800263867 /* Project object */;
}
